{
  "version": 4,
  "terraform_version": "1.11.0",
  "serial": 4,
  "lineage": "61e07433-93d1-b501-eb80-3a8db927dfd2",
  "outputs": {},
  "resources": [
    {
      "mode": "managed",
      "type": "aws_ecs_cluster",
      "name": "my_cluster",
      "provider": "provider[\"registry.terraform.io/hashicorp/aws\"]",
      "instances": [
        {
          "schema_version": 0,
          "attributes": {
            "arn": "arn:aws:ecs:us-east-1:[id]:cluster/Mysite",
            "configuration": [],
            "id": "arn:aws:ecs:us-east-1:[id]:cluster/Mysite",
            "name": "Mysite",
            "service_connect_defaults": [
              {
                "namespace": "arn:aws:servicediscovery:us-east-1:[id]:namespace/ns-ys66gqljqhrnedlg"
              }
            ],
            "setting": [
              {
                "name": "containerInsights",
                "value": "disabled"
              }
            ],
            "tags": {},
            "tags_all": {}
          },
          "sensitive_attributes": [],
          "private": "eyJzY2hlbWFfdmVyc2lvbiI6IjAifQ=="
        }
      ]
    },
    {
      "mode": "managed",
      "type": "aws_ecs_service",
      "name": "my_service",
      "provider": "provider[\"registry.terraform.io/hashicorp/aws\"]",
      "instances": [
        {
          "schema_version": 1,
          "attributes": {
            "alarms": [
              {
                "alarm_names": [],
                "enable": false,
                "rollback": false
              }
            ],
            "availability_zone_rebalancing": "ENABLED",
            "capacity_provider_strategy": [
              {
                "base": 0,
                "capacity_provider": "MysiteCapacityProvider",
                "weight": 1
              }
            ],
            "cluster": "arn:aws:ecs:us-east-1:[id]:cluster/Mysite",
            "deployment_circuit_breaker": [
              {
                "enable": true,
                "rollback": true
              }
            ],
            "deployment_controller": [
              {
                "type": "ECS"
              }
            ],
            "deployment_maximum_percent": 200,
            "deployment_minimum_healthy_percent": 100,
            "desired_count": 1,
            "enable_ecs_managed_tags": true,
            "enable_execute_command": false,
            "force_delete": null,
            "force_new_deployment": null,
            "health_check_grace_period_seconds": 30,
            "iam_role": "/aws-service-role/ecs.amazonaws.com/AWSServiceRoleForECS",
            "id": "arn:aws:ecs:us-east-1:[id]:service/Mysite/MysiteClientProduction",
            "launch_type": "",
            "load_balancer": [
              {
                "container_name": "Client",
                "container_port": 80,
                "elb_name": "",
                "target_group_arn": "arn:aws:elasticloadbalancing:us-east-1:[id]:targetgroup/MysiteClientProduction-tg/ae04ea2e63cdbc00"
              }
            ],
            "name": "MysiteClientProduction",
            "network_configuration": [
              {
                "assign_public_ip": false,
                "security_groups": [
                  "sg-02f2a63c8019a36a6"
                ],
                "subnets": [
                  "subnet-019f35ef077b69198",
                  "subnet-078f46bafc87dff00"
                ]
              }
            ],
            "ordered_placement_strategy": [
              {
                "field": "attribute:ecs.availability-zone",
                "type": "spread"
              },
              {
                "field": "instanceId",
                "type": "spread"
              }
            ],
            "placement_constraints": [],
            "platform_version": "",
            "propagate_tags": "NONE",
            "scheduling_strategy": "REPLICA",
            "service_connect_configuration": [],
            "service_registries": [],
            "tags": {},
            "tags_all": {},
            "task_definition": "MysiteClientProduction:17",
            "timeouts": null,
            "triggers": {},
            "volume_configuration": [],
            "vpc_lattice_configurations": [],
            "wait_for_steady_state": true
          },
          "sensitive_attributes": [],
          "private": "eyJlMmJmYjczMC1lY2FhLTExZTYtOGY4OC0zNDM2M2JjN2M0YzAiOnsiY3JlYXRlIjoxMjAwMDAwMDAwMDAwLCJkZWxldGUiOjEyMDAwMDAwMDAwMDAsInVwZGF0ZSI6MTIwMDAwMDAwMDAwMH0sInNjaGVtYV92ZXJzaW9uIjoiMSJ9"
        }
      ]
    }
  ],
  "check_results": null
}
